
Microsoft Visual Studio Solution File, Format Version 12.00
# Visual Studio Version 17
VisualStudioVersion = 17.5.33414.496
MinimumVisualStudioVersion = 10.0.40219.1
Project("{9A19103F-16F7-4668-BE54-9A1E7A4F7556}") = "CustomList", "CustomList\CustomList.csproj", "{8E2066B3-2EBE-4BE7-9219-0DB38C2E15CF}"
EndProject
Project("{9A19103F-16F7-4668-BE54-9A1E7A4F7556}") = "CustomStack", "CustomStack\CustomStack.csproj", "{5831DEEE-D5F9-4210-A62F-2DF0A47D3297}"
EndProject
Project("{9A19103F-16F7-4668-BE54-9A1E7A4F7556}") = "CustomQueue", "CustomQueue\CustomQueue.csproj", "{57B5435F-0686-4147-A3C9-05F8E53D4979}"
EndProject
Project("{9A19103F-16F7-4668-BE54-9A1E7A4F7556}") = "AnotherQueue", "AnotherQueue\AnotherQueue.csproj", "{A5872598-14DD-4803-B6EF-CCAF9F5BF98D}"
EndProject
Project("{FAE04EC0-301F-11D3-BF4B-00C04F79EFBC}") = "LastQueue", "LastQueue\LastQueue.csproj", "{614F6789-7047-4364-B32A-02A50FD5680B}"
EndProject
Project("{FAE04EC0-301F-11D3-BF4B-00C04F79EFBC}") = "LastDoubleLinkedList", "LastDoubleLinkedList\LastDoubleLinkedList.csproj", "{F8C79CBB-A5B6-44CF-8847-6B1D78115AD5}"
EndProject
Global
	GlobalSection(SolutionConfigurationPlatforms) = preSolution
		Debug|Any CPU = Debug|Any CPU
		Release|Any CPU = Release|Any CPU
	EndGlobalSection
	GlobalSection(ProjectConfigurationPlatforms) = postSolution
		{8E2066B3-2EBE-4BE7-9219-0DB38C2E15CF}.Debug|Any CPU.ActiveCfg = Debug|Any CPU
		{8E2066B3-2EBE-4BE7-9219-0DB38C2E15CF}.Debug|Any CPU.Build.0 = Debug|Any CPU
		{8E2066B3-2EBE-4BE7-9219-0DB38C2E15CF}.Release|Any CPU.ActiveCfg = Release|Any CPU
		{8E2066B3-2EBE-4BE7-9219-0DB38C2E15CF}.Release|Any CPU.Build.0 = Release|Any CPU
		{5831DEEE-D5F9-4210-A62F-2DF0A47D3297}.Debug|Any CPU.ActiveCfg = Debug|Any CPU
		{5831DEEE-D5F9-4210-A62F-2DF0A47D3297}.Debug|Any CPU.Build.0 = Debug|Any CPU
		{5831DEEE-D5F9-4210-A62F-2DF0A47D3297}.Release|Any CPU.ActiveCfg = Release|Any CPU
		{5831DEEE-D5F9-4210-A62F-2DF0A47D3297}.Release|Any CPU.Build.0 = Release|Any CPU
		{57B5435F-0686-4147-A3C9-05F8E53D4979}.Debug|Any CPU.ActiveCfg = Debug|Any CPU
		{57B5435F-0686-4147-A3C9-05F8E53D4979}.Debug|Any CPU.Build.0 = Debug|Any CPU
		{57B5435F-0686-4147-A3C9-05F8E53D4979}.Release|Any CPU.ActiveCfg = Release|Any CPU
		{57B5435F-0686-4147-A3C9-05F8E53D4979}.Release|Any CPU.Build.0 = Release|Any CPU
		{A5872598-14DD-4803-B6EF-CCAF9F5BF98D}.Debug|Any CPU.ActiveCfg = Debug|Any CPU
		{A5872598-14DD-4803-B6EF-CCAF9F5BF98D}.Debug|Any CPU.Build.0 = Debug|Any CPU
		{A5872598-14DD-4803-B6EF-CCAF9F5BF98D}.Release|Any CPU.ActiveCfg = Release|Any CPU
		{A5872598-14DD-4803-B6EF-CCAF9F5BF98D}.Release|Any CPU.Build.0 = Release|Any CPU
		{614F6789-7047-4364-B32A-02A50FD5680B}.Debug|Any CPU.ActiveCfg = Debug|Any CPU
		{614F6789-7047-4364-B32A-02A50FD5680B}.Debug|Any CPU.Build.0 = Debug|Any CPU
		{614F6789-7047-4364-B32A-02A50FD5680B}.Release|Any CPU.ActiveCfg = Release|Any CPU
		{614F6789-7047-4364-B32A-02A50FD5680B}.Release|Any CPU.Build.0 = Release|Any CPU
		{F8C79CBB-A5B6-44CF-8847-6B1D78115AD5}.Debug|Any CPU.ActiveCfg = Debug|Any CPU
		{F8C79CBB-A5B6-44CF-8847-6B1D78115AD5}.Debug|Any CPU.Build.0 = Debug|Any CPU
		{F8C79CBB-A5B6-44CF-8847-6B1D78115AD5}.Release|Any CPU.ActiveCfg = Release|Any CPU
		{F8C79CBB-A5B6-44CF-8847-6B1D78115AD5}.Release|Any CPU.Build.0 = Release|Any CPU
	EndGlobalSection
	GlobalSection(SolutionProperties) = preSolution
		HideSolutionNode = FALSE
	EndGlobalSection
	GlobalSection(ExtensibilityGlobals) = postSolution
		SolutionGuid = {AF254838-89AF-49AB-8175-420ABC040ECD}
	EndGlobalSection
EndGlobal
