
Microsoft Visual Studio Solution File, Format Version 12.00
# Visual Studio Version 17
VisualStudioVersion = 17.5.33414.496
MinimumVisualStudioVersion = 10.0.40219.1
Project("{9A19103F-16F7-4668-BE54-9A1E7A4F7556}") = "01. Action Print", "01. Action Print\01. Action Print.csproj", "{AC41EFF1-4D44-4FB4-BF6A-E62EDA9CB288}"
EndProject
Project("{9A19103F-16F7-4668-BE54-9A1E7A4F7556}") = "02. Knights of Honor", "02. Knights of Honor\02. Knights of Honor.csproj", "{CF40482B-1DED-41F7-A9D9-67259595B6E2}"
EndProject
Project("{9A19103F-16F7-4668-BE54-9A1E7A4F7556}") = "03. Custom Min Function", "03. Custom Min Function\03. Custom Min Function.csproj", "{B71B3720-93A6-441C-BDD8-0F00F2120B4C}"
EndProject
Project("{9A19103F-16F7-4668-BE54-9A1E7A4F7556}") = "04. Find Evens or Odds", "04. Find Evens or Odds\04. Find Evens or Odds.csproj", "{D6214D7B-7FED-46E2-AAB8-CFB4371B89A4}"
EndProject
Project("{9A19103F-16F7-4668-BE54-9A1E7A4F7556}") = "05. Applied Arithmetics", "05. Applied Arithmetics\05. Applied Arithmetics.csproj", "{EDE377C2-DD42-419E-BF53-973BFAA357AF}"
EndProject
Project("{9A19103F-16F7-4668-BE54-9A1E7A4F7556}") = "06. Reverse And Exclude", "06. Reverse And Exclude\06. Reverse And Exclude.csproj", "{70C35D0C-07EA-4410-9B53-5BCEF21BDA2A}"
EndProject
Project("{9A19103F-16F7-4668-BE54-9A1E7A4F7556}") = "07. Predicate For Names", "07. Predicate For Names\07. Predicate For Names.csproj", "{717D7B36-8963-451D-9D28-15917426DF6F}"
EndProject
Project("{9A19103F-16F7-4668-BE54-9A1E7A4F7556}") = "08. List Of Predicates", "08. List Of Predicates\08. List Of Predicates.csproj", "{4F2C2026-CE81-4EB2-9BBC-494D6D416F17}"
EndProject
Project("{9A19103F-16F7-4668-BE54-9A1E7A4F7556}") = "09. Predicate Party!", "09. Predicate Party!\09. Predicate Party!.csproj", "{E2D94489-53F7-4613-BEE0-BCAD59A4FC1F}"
EndProject
Project("{FAE04EC0-301F-11D3-BF4B-00C04F79EFBC}") = "10.The Party Reservation Filter Module", "10.The Party Reservation Filter Module\10.The Party Reservation Filter Module.csproj", "{24AC08CF-4CE3-416D-9027-88741FC0272C}"
EndProject
Project("{FAE04EC0-301F-11D3-BF4B-00C04F79EFBC}") = "11. TriFunction", "11. TriFunction\11. TriFunction.csproj", "{B8344A9B-5FBC-4B8A-931F-84B05D9A54A6}"
EndProject
Global
	GlobalSection(SolutionConfigurationPlatforms) = preSolution
		Debug|Any CPU = Debug|Any CPU
		Release|Any CPU = Release|Any CPU
	EndGlobalSection
	GlobalSection(ProjectConfigurationPlatforms) = postSolution
		{AC41EFF1-4D44-4FB4-BF6A-E62EDA9CB288}.Debug|Any CPU.ActiveCfg = Debug|Any CPU
		{AC41EFF1-4D44-4FB4-BF6A-E62EDA9CB288}.Debug|Any CPU.Build.0 = Debug|Any CPU
		{AC41EFF1-4D44-4FB4-BF6A-E62EDA9CB288}.Release|Any CPU.ActiveCfg = Release|Any CPU
		{AC41EFF1-4D44-4FB4-BF6A-E62EDA9CB288}.Release|Any CPU.Build.0 = Release|Any CPU
		{CF40482B-1DED-41F7-A9D9-67259595B6E2}.Debug|Any CPU.ActiveCfg = Debug|Any CPU
		{CF40482B-1DED-41F7-A9D9-67259595B6E2}.Debug|Any CPU.Build.0 = Debug|Any CPU
		{CF40482B-1DED-41F7-A9D9-67259595B6E2}.Release|Any CPU.ActiveCfg = Release|Any CPU
		{CF40482B-1DED-41F7-A9D9-67259595B6E2}.Release|Any CPU.Build.0 = Release|Any CPU
		{B71B3720-93A6-441C-BDD8-0F00F2120B4C}.Debug|Any CPU.ActiveCfg = Debug|Any CPU
		{B71B3720-93A6-441C-BDD8-0F00F2120B4C}.Debug|Any CPU.Build.0 = Debug|Any CPU
		{B71B3720-93A6-441C-BDD8-0F00F2120B4C}.Release|Any CPU.ActiveCfg = Release|Any CPU
		{B71B3720-93A6-441C-BDD8-0F00F2120B4C}.Release|Any CPU.Build.0 = Release|Any CPU
		{D6214D7B-7FED-46E2-AAB8-CFB4371B89A4}.Debug|Any CPU.ActiveCfg = Debug|Any CPU
		{D6214D7B-7FED-46E2-AAB8-CFB4371B89A4}.Debug|Any CPU.Build.0 = Debug|Any CPU
		{D6214D7B-7FED-46E2-AAB8-CFB4371B89A4}.Release|Any CPU.ActiveCfg = Release|Any CPU
		{D6214D7B-7FED-46E2-AAB8-CFB4371B89A4}.Release|Any CPU.Build.0 = Release|Any CPU
		{EDE377C2-DD42-419E-BF53-973BFAA357AF}.Debug|Any CPU.ActiveCfg = Debug|Any CPU
		{EDE377C2-DD42-419E-BF53-973BFAA357AF}.Debug|Any CPU.Build.0 = Debug|Any CPU
		{EDE377C2-DD42-419E-BF53-973BFAA357AF}.Release|Any CPU.ActiveCfg = Release|Any CPU
		{EDE377C2-DD42-419E-BF53-973BFAA357AF}.Release|Any CPU.Build.0 = Release|Any CPU
		{70C35D0C-07EA-4410-9B53-5BCEF21BDA2A}.Debug|Any CPU.ActiveCfg = Debug|Any CPU
		{70C35D0C-07EA-4410-9B53-5BCEF21BDA2A}.Debug|Any CPU.Build.0 = Debug|Any CPU
		{70C35D0C-07EA-4410-9B53-5BCEF21BDA2A}.Release|Any CPU.ActiveCfg = Release|Any CPU
		{70C35D0C-07EA-4410-9B53-5BCEF21BDA2A}.Release|Any CPU.Build.0 = Release|Any CPU
		{717D7B36-8963-451D-9D28-15917426DF6F}.Debug|Any CPU.ActiveCfg = Debug|Any CPU
		{717D7B36-8963-451D-9D28-15917426DF6F}.Debug|Any CPU.Build.0 = Debug|Any CPU
		{717D7B36-8963-451D-9D28-15917426DF6F}.Release|Any CPU.ActiveCfg = Release|Any CPU
		{717D7B36-8963-451D-9D28-15917426DF6F}.Release|Any CPU.Build.0 = Release|Any CPU
		{4F2C2026-CE81-4EB2-9BBC-494D6D416F17}.Debug|Any CPU.ActiveCfg = Debug|Any CPU
		{4F2C2026-CE81-4EB2-9BBC-494D6D416F17}.Debug|Any CPU.Build.0 = Debug|Any CPU
		{4F2C2026-CE81-4EB2-9BBC-494D6D416F17}.Release|Any CPU.ActiveCfg = Release|Any CPU
		{4F2C2026-CE81-4EB2-9BBC-494D6D416F17}.Release|Any CPU.Build.0 = Release|Any CPU
		{E2D94489-53F7-4613-BEE0-BCAD59A4FC1F}.Debug|Any CPU.ActiveCfg = Debug|Any CPU
		{E2D94489-53F7-4613-BEE0-BCAD59A4FC1F}.Debug|Any CPU.Build.0 = Debug|Any CPU
		{E2D94489-53F7-4613-BEE0-BCAD59A4FC1F}.Release|Any CPU.ActiveCfg = Release|Any CPU
		{E2D94489-53F7-4613-BEE0-BCAD59A4FC1F}.Release|Any CPU.Build.0 = Release|Any CPU
		{24AC08CF-4CE3-416D-9027-88741FC0272C}.Debug|Any CPU.ActiveCfg = Debug|Any CPU
		{24AC08CF-4CE3-416D-9027-88741FC0272C}.Debug|Any CPU.Build.0 = Debug|Any CPU
		{24AC08CF-4CE3-416D-9027-88741FC0272C}.Release|Any CPU.ActiveCfg = Release|Any CPU
		{24AC08CF-4CE3-416D-9027-88741FC0272C}.Release|Any CPU.Build.0 = Release|Any CPU
		{B8344A9B-5FBC-4B8A-931F-84B05D9A54A6}.Debug|Any CPU.ActiveCfg = Debug|Any CPU
		{B8344A9B-5FBC-4B8A-931F-84B05D9A54A6}.Debug|Any CPU.Build.0 = Debug|Any CPU
		{B8344A9B-5FBC-4B8A-931F-84B05D9A54A6}.Release|Any CPU.ActiveCfg = Release|Any CPU
		{B8344A9B-5FBC-4B8A-931F-84B05D9A54A6}.Release|Any CPU.Build.0 = Release|Any CPU
	EndGlobalSection
	GlobalSection(SolutionProperties) = preSolution
		HideSolutionNode = FALSE
	EndGlobalSection
	GlobalSection(ExtensibilityGlobals) = postSolution
		SolutionGuid = {5D9FD87E-8558-4A4F-931B-313FB3375CA4}
	EndGlobalSection
EndGlobal
