
Microsoft Visual Studio Solution File, Format Version 12.00
# Visual Studio Version 17
VisualStudioVersion = 17.5.33414.496
MinimumVisualStudioVersion = 10.0.40219.1
Project("{FAE04EC0-301F-11D3-BF4B-00C04F79EFBC}") = "Funcs", "Funcs\Funcs.csproj", "{AD7A8804-2E61-4542-95BB-B3B5B37501FD}"
EndProject
Global
	GlobalSection(SolutionConfigurationPlatforms) = preSolution
		Debug|Any CPU = Debug|Any CPU
		Release|Any CPU = Release|Any CPU
	EndGlobalSection
	GlobalSection(ProjectConfigurationPlatforms) = postSolution
		{AD7A8804-2E61-4542-95BB-B3B5B37501FD}.Debug|Any CPU.ActiveCfg = Debug|Any CPU
		{AD7A8804-2E61-4542-95BB-B3B5B37501FD}.Debug|Any CPU.Build.0 = Debug|Any CPU
		{AD7A8804-2E61-4542-95BB-B3B5B37501FD}.Release|Any CPU.ActiveCfg = Release|Any CPU
		{AD7A8804-2E61-4542-95BB-B3B5B37501FD}.Release|Any CPU.Build.0 = Release|Any CPU
	EndGlobalSection
	GlobalSection(SolutionProperties) = preSolution
		HideSolutionNode = FALSE
	EndGlobalSection
	GlobalSection(ExtensibilityGlobals) = postSolution
		SolutionGuid = {E0767C56-1D36-40FB-8A53-7E0F162A090C}
	EndGlobalSection
EndGlobal
