
Microsoft Visual Studio Solution File, Format Version 12.00
# Visual Studio Version 17
VisualStudioVersion = 17.5.33414.496
MinimumVisualStudioVersion = 10.0.40219.1
Project("{FAE04EC0-301F-11D3-BF4B-00C04F79EFBC}") = "Komardjieb", "Komardjieb\Komardjieb.csproj", "{06A75420-5309-446A-B6EA-2C1F42DDFC79}"
EndProject
Project("{FAE04EC0-301F-11D3-BF4B-00C04F79EFBC}") = "Message", "Message\Message.csproj", "{B957B081-7FC6-46ED-A539-C292F9AD7434}"
EndProject
Global
	GlobalSection(SolutionConfigurationPlatforms) = preSolution
		Debug|Any CPU = Debug|Any CPU
		Release|Any CPU = Release|Any CPU
	EndGlobalSection
	GlobalSection(ProjectConfigurationPlatforms) = postSolution
		{06A75420-5309-446A-B6EA-2C1F42DDFC79}.Debug|Any CPU.ActiveCfg = Debug|Any CPU
		{06A75420-5309-446A-B6EA-2C1F42DDFC79}.Debug|Any CPU.Build.0 = Debug|Any CPU
		{06A75420-5309-446A-B6EA-2C1F42DDFC79}.Release|Any CPU.ActiveCfg = Release|Any CPU
		{06A75420-5309-446A-B6EA-2C1F42DDFC79}.Release|Any CPU.Build.0 = Release|Any CPU
		{B957B081-7FC6-46ED-A539-C292F9AD7434}.Debug|Any CPU.ActiveCfg = Debug|Any CPU
		{B957B081-7FC6-46ED-A539-C292F9AD7434}.Debug|Any CPU.Build.0 = Debug|Any CPU
		{B957B081-7FC6-46ED-A539-C292F9AD7434}.Release|Any CPU.ActiveCfg = Release|Any CPU
		{B957B081-7FC6-46ED-A539-C292F9AD7434}.Release|Any CPU.Build.0 = Release|Any CPU
	EndGlobalSection
	GlobalSection(SolutionProperties) = preSolution
		HideSolutionNode = FALSE
	EndGlobalSection
	GlobalSection(ExtensibilityGlobals) = postSolution
		SolutionGuid = {79904477-7EE1-4CBA-905A-480AB5375900}
	EndGlobalSection
EndGlobal
