
Microsoft Visual Studio Solution File, Format Version 12.00
# Visual Studio Version 17
VisualStudioVersion = 17.5.33414.496
MinimumVisualStudioVersion = 10.0.40219.1
Project("{FAE04EC0-301F-11D3-BF4B-00C04F79EFBC}") = "01. Lootbox", "01. Lootbox\01. Lootbox.csproj", "{98356BDA-6E26-430F-876D-8BC4E4F4F631}"
EndProject
Global
	GlobalSection(SolutionConfigurationPlatforms) = preSolution
		Debug|Any CPU = Debug|Any CPU
		Release|Any CPU = Release|Any CPU
	EndGlobalSection
	GlobalSection(ProjectConfigurationPlatforms) = postSolution
		{98356BDA-6E26-430F-876D-8BC4E4F4F631}.Debug|Any CPU.ActiveCfg = Debug|Any CPU
		{98356BDA-6E26-430F-876D-8BC4E4F4F631}.Debug|Any CPU.Build.0 = Debug|Any CPU
		{98356BDA-6E26-430F-876D-8BC4E4F4F631}.Release|Any CPU.ActiveCfg = Release|Any CPU
		{98356BDA-6E26-430F-876D-8BC4E4F4F631}.Release|Any CPU.Build.0 = Release|Any CPU
	EndGlobalSection
	GlobalSection(SolutionProperties) = preSolution
		HideSolutionNode = FALSE
	EndGlobalSection
	GlobalSection(ExtensibilityGlobals) = postSolution
		SolutionGuid = {70F1EFC7-A080-4BE1-8CF8-B69F4A709015}
	EndGlobalSection
EndGlobal
